// !$*UTF8*$!
{
	archiveVersion = 1;
	classes = {
	};
	objectVersion = 56;
	objects = {

/* Begin PBXBuildFile section */
		3323AC4E29915E6D00FE623C /* CryptoTrackerApp.swift in Sources */ = {isa = PBXBuildFile; fileRef = 3323AC4D29915E6D00FE623C /* CryptoTrackerApp.swift */; };
		3323AC5029915E6D00FE623C /* ContentView.swift in Sources */ = {isa = PBXBuildFile; fileRef = 3323AC4F29915E6D00FE623C /* ContentView.swift */; };
		3323AC5529915E6F00FE623C /* Preview Assets.xcassets in Resources */ = {isa = PBXBuildFile; fileRef = 3323AC5429915E6F00FE623C /* Preview Assets.xcassets */; };
		3323AC5C29915F5300FE623C /* Assets.xcassets in Resources */ = {isa = PBXBuildFile; fileRef = 3323AC5B29915F5300FE623C /* Assets.xcassets */; };
		3323AC5F2991619B00FE623C /* Color.swift in Sources */ = {isa = PBXBuildFile; fileRef = 3323AC5E2991619B00FE623C /* Color.swift */; };
		3323AC682992929E00FE623C /* HomeView.swift in Sources */ = {isa = PBXBuildFile; fileRef = 3323AC672992929E00FE623C /* HomeView.swift */; };
		3323AC6C299293A000FE623C /* CircleButtonView.swift in Sources */ = {isa = PBXBuildFile; fileRef = 3323AC6B299293A000FE623C /* CircleButtonView.swift */; };
		3323AC6E2992982D00FE623C /* CircleButtonAnimationView.swift in Sources */ = {isa = PBXBuildFile; fileRef = 3323AC6D2992982D00FE623C /* CircleButtonAnimationView.swift */; };
		33C3401D2992B5B20093A87C /* CoinModel.swift in Sources */ = {isa = PBXBuildFile; fileRef = 33C3401C2992B5B20093A87C /* CoinModel.swift */; };
		33C3401F2993C63A0093A87C /* CoinRowView.swift in Sources */ = {isa = PBXBuildFile; fileRef = 33C3401E2993C63A0093A87C /* CoinRowView.swift */; };
		33C340212993C6970093A87C /* PreviewProvider.swift in Sources */ = {isa = PBXBuildFile; fileRef = 33C340202993C6970093A87C /* PreviewProvider.swift */; };
		33C340232993D0670093A87C /* Double.swift in Sources */ = {isa = PBXBuildFile; fileRef = 33C340222993D0670093A87C /* Double.swift */; };
		33C34025299434DB0093A87C /* HomeViewModel.swift in Sources */ = {isa = PBXBuildFile; fileRef = 33C34024299434DB0093A87C /* HomeViewModel.swift */; };
		33C3402829943CD10093A87C /* CoinDataService.swift in Sources */ = {isa = PBXBuildFile; fileRef = 33C3402729943CD10093A87C /* CoinDataService.swift */; };
		33C3402B299448790093A87C /* NetworkingManager.swift in Sources */ = {isa = PBXBuildFile; fileRef = 33C3402A299448790093A87C /* NetworkingManager.swift */; };
		33C3402E299529A40093A87C /* CoinImageView.swift in Sources */ = {isa = PBXBuildFile; fileRef = 33C3402D299529A40093A87C /* CoinImageView.swift */; };
		33C3403029952B1D0093A87C /* CoinImageService.swift in Sources */ = {isa = PBXBuildFile; fileRef = 33C3402F29952B1D0093A87C /* CoinImageService.swift */; };
		33C340322995330F0093A87C /* CoinImageViewModel.swift in Sources */ = {isa = PBXBuildFile; fileRef = 33C340312995330F0093A87C /* CoinImageViewModel.swift */; };
		33C93C59299F7BD000794896 /* CoinLogoView.swift in Sources */ = {isa = PBXBuildFile; fileRef = 33C93C58299F7BD000794896 /* CoinLogoView.swift */; };
		33C93C5C299FB85000794896 /* PortfolioContainer.xcdatamodeld in Sources */ = {isa = PBXBuildFile; fileRef = 33C93C5A299FB85000794896 /* PortfolioContainer.xcdatamodeld */; };
		33C93C5E299FB90700794896 /* PortfolioDataService.swift in Sources */ = {isa = PBXBuildFile; fileRef = 33C93C5D299FB90700794896 /* PortfolioDataService.swift */; };
		33D77B11299B9DD40079931F /* LocalFileManager.swift in Sources */ = {isa = PBXBuildFile; fileRef = 33D77B10299B9DD40079931F /* LocalFileManager.swift */; };
		33D77B13299BDFED0079931F /* SearchBarView.swift in Sources */ = {isa = PBXBuildFile; fileRef = 33D77B12299BDFED0079931F /* SearchBarView.swift */; };
		33D77B15299BE5560079931F /* UIApplication.swift in Sources */ = {isa = PBXBuildFile; fileRef = 33D77B14299BE5560079931F /* UIApplication.swift */; };
		33D77B17299D3B940079931F /* StatisticModel.swift in Sources */ = {isa = PBXBuildFile; fileRef = 33D77B16299D3B940079931F /* StatisticModel.swift */; };
		33D77B19299D61E70079931F /* StatisticView.swift in Sources */ = {isa = PBXBuildFile; fileRef = 33D77B18299D61E70079931F /* StatisticView.swift */; };
		33D77B1B299D65210079931F /* HomeStatsView.swift in Sources */ = {isa = PBXBuildFile; fileRef = 33D77B1A299D65210079931F /* HomeStatsView.swift */; };
		33D77B1D299D6A890079931F /* MarketDataModel.swift in Sources */ = {isa = PBXBuildFile; fileRef = 33D77B1C299D6A890079931F /* MarketDataModel.swift */; };
		33D77B1F299D6D8C0079931F /* MarketDataService.swift in Sources */ = {isa = PBXBuildFile; fileRef = 33D77B1E299D6D8C0079931F /* MarketDataService.swift */; };
		33D77B21299E8B080079931F /* PortfolioView.swift in Sources */ = {isa = PBXBuildFile; fileRef = 33D77B20299E8B080079931F /* PortfolioView.swift */; };
		33D77B23299E8CD90079931F /* XMarkButton.swift in Sources */ = {isa = PBXBuildFile; fileRef = 33D77B22299E8CD90079931F /* XMarkButton.swift */; };
/* End PBXBuildFile section */

/* Begin PBXFileReference section */
		3323AC4A29915E6D00FE623C /* CryptoTracker.app */ = {isa = PBXFileReference; explicitFileType = wrapper.application; includeInIndex = 0; path = CryptoTracker.app; sourceTree = BUILT_PRODUCTS_DIR; };
		3323AC4D29915E6D00FE623C /* CryptoTrackerApp.swift */ = {isa = PBXFileReference; lastKnownFileType = sourcecode.swift; path = CryptoTrackerApp.swift; sourceTree = "<group>"; };
		3323AC4F29915E6D00FE623C /* ContentView.swift */ = {isa = PBXFileReference; lastKnownFileType = sourcecode.swift; path = ContentView.swift; sourceTree = "<group>"; };
		3323AC5429915E6F00FE623C /* Preview Assets.xcassets */ = {isa = PBXFileReference; lastKnownFileType = folder.assetcatalog; path = "Preview Assets.xcassets"; sourceTree = "<group>"; };
		3323AC5B29915F5300FE623C /* Assets.xcassets */ = {isa = PBXFileReference; lastKnownFileType = folder.assetcatalog; name = Assets.xcassets; path = ../../CryptoTrackerResources/Assets.xcassets; sourceTree = "<group>"; };
		3323AC5E2991619B00FE623C /* Color.swift */ = {isa = PBXFileReference; lastKnownFileType = sourcecode.swift; path = Color.swift; sourceTree = "<group>"; };
		3323AC672992929E00FE623C /* HomeView.swift */ = {isa = PBXFileReference; lastKnownFileType = sourcecode.swift; path = HomeView.swift; sourceTree = "<group>"; };
		3323AC6B299293A000FE623C /* CircleButtonView.swift */ = {isa = PBXFileReference; lastKnownFileType = sourcecode.swift; path = CircleButtonView.swift; sourceTree = "<group>"; };
		3323AC6D2992982D00FE623C /* CircleButtonAnimationView.swift */ = {isa = PBXFileReference; lastKnownFileType = sourcecode.swift; path = CircleButtonAnimationView.swift; sourceTree = "<group>"; };
		33C3401C2992B5B20093A87C /* CoinModel.swift */ = {isa = PBXFileReference; lastKnownFileType = sourcecode.swift; path = CoinModel.swift; sourceTree = "<group>"; };
		33C3401E2993C63A0093A87C /* CoinRowView.swift */ = {isa = PBXFileReference; lastKnownFileType = sourcecode.swift; path = CoinRowView.swift; sourceTree = "<group>"; };
		33C340202993C6970093A87C /* PreviewProvider.swift */ = {isa = PBXFileReference; lastKnownFileType = sourcecode.swift; path = PreviewProvider.swift; sourceTree = "<group>"; };
		33C340222993D0670093A87C /* Double.swift */ = {isa = PBXFileReference; lastKnownFileType = sourcecode.swift; path = Double.swift; sourceTree = "<group>"; };
		33C34024299434DB0093A87C /* HomeViewModel.swift */ = {isa = PBXFileReference; lastKnownFileType = sourcecode.swift; path = HomeViewModel.swift; sourceTree = "<group>"; };
		33C3402729943CD10093A87C /* CoinDataService.swift */ = {isa = PBXFileReference; lastKnownFileType = sourcecode.swift; path = CoinDataService.swift; sourceTree = "<group>"; };
		33C3402A299448790093A87C /* NetworkingManager.swift */ = {isa = PBXFileReference; lastKnownFileType = sourcecode.swift; path = NetworkingManager.swift; sourceTree = "<group>"; };
		33C3402D299529A40093A87C /* CoinImageView.swift */ = {isa = PBXFileReference; lastKnownFileType = sourcecode.swift; path = CoinImageView.swift; sourceTree = "<group>"; };
		33C3402F29952B1D0093A87C /* CoinImageService.swift */ = {isa = PBXFileReference; lastKnownFileType = sourcecode.swift; path = CoinImageService.swift; sourceTree = "<group>"; };
		33C340312995330F0093A87C /* CoinImageViewModel.swift */ = {isa = PBXFileReference; lastKnownFileType = sourcecode.swift; path = CoinImageViewModel.swift; sourceTree = "<group>"; };
		33C93C58299F7BD000794896 /* CoinLogoView.swift */ = {isa = PBXFileReference; lastKnownFileType = sourcecode.swift; path = CoinLogoView.swift; sourceTree = "<group>"; };
		33C93C5B299FB85000794896 /* PortfolioContainer.xcdatamodel */ = {isa = PBXFileReference; lastKnownFileType = wrapper.xcdatamodel; path = PortfolioContainer.xcdatamodel; sourceTree = "<group>"; };
		33C93C5D299FB90700794896 /* PortfolioDataService.swift */ = {isa = PBXFileReference; lastKnownFileType = sourcecode.swift; path = PortfolioDataService.swift; sourceTree = "<group>"; };
		33D77B10299B9DD40079931F /* LocalFileManager.swift */ = {isa = PBXFileReference; lastKnownFileType = sourcecode.swift; path = LocalFileManager.swift; sourceTree = "<group>"; };
		33D77B12299BDFED0079931F /* SearchBarView.swift */ = {isa = PBXFileReference; lastKnownFileType = sourcecode.swift; path = SearchBarView.swift; sourceTree = "<group>"; };
		33D77B14299BE5560079931F /* UIApplication.swift */ = {isa = PBXFileReference; lastKnownFileType = sourcecode.swift; path = UIApplication.swift; sourceTree = "<group>"; };
		33D77B16299D3B940079931F /* StatisticModel.swift */ = {isa = PBXFileReference; lastKnownFileType = sourcecode.swift; path = StatisticModel.swift; sourceTree = "<group>"; };
		33D77B18299D61E70079931F /* StatisticView.swift */ = {isa = PBXFileReference; lastKnownFileType = sourcecode.swift; path = StatisticView.swift; sourceTree = "<group>"; };
		33D77B1A299D65210079931F /* HomeStatsView.swift */ = {isa = PBXFileReference; lastKnownFileType = sourcecode.swift; path = HomeStatsView.swift; sourceTree = "<group>"; };
		33D77B1C299D6A890079931F /* MarketDataModel.swift */ = {isa = PBXFileReference; lastKnownFileType = sourcecode.swift; path = MarketDataModel.swift; sourceTree = "<group>"; };
		33D77B1E299D6D8C0079931F /* MarketDataService.swift */ = {isa = PBXFileReference; lastKnownFileType = sourcecode.swift; path = MarketDataService.swift; sourceTree = "<group>"; };
		33D77B20299E8B080079931F /* PortfolioView.swift */ = {isa = PBXFileReference; lastKnownFileType = sourcecode.swift; path = PortfolioView.swift; sourceTree = "<group>"; };
		33D77B22299E8CD90079931F /* XMarkButton.swift */ = {isa = PBXFileReference; lastKnownFileType = sourcecode.swift; path = XMarkButton.swift; sourceTree = "<group>"; };
/* End PBXFileReference section */

/* Begin PBXFrameworksBuildPhase section */
		3323AC4729915E6D00FE623C /* Frameworks */ = {
			isa = PBXFrameworksBuildPhase;
			buildActionMask = 2147483647;
			files = (
			);
			runOnlyForDeploymentPostprocessing = 0;
		};
/* End PBXFrameworksBuildPhase section */

/* Begin PBXGroup section */
		3323AC4129915E6D00FE623C = {
			isa = PBXGroup;
			children = (
				3323AC4C29915E6D00FE623C /* CryptoTracker */,
				3323AC4B29915E6D00FE623C /* Products */,
			);
			sourceTree = "<group>";
		};
		3323AC4B29915E6D00FE623C /* Products */ = {
			isa = PBXGroup;
			children = (
				3323AC4A29915E6D00FE623C /* CryptoTracker.app */,
			);
			name = Products;
			sourceTree = "<group>";
		};
		3323AC4C29915E6D00FE623C /* CryptoTracker */ = {
			isa = PBXGroup;
			children = (
				3323AC4D29915E6D00FE623C /* CryptoTrackerApp.swift */,
				33C340292994484C0093A87C /* Utilities */,
				3323AC5D2991616F00FE623C /* Extensions */,
				33C3402629943CA60093A87C /* Services */,
				33C3401B2992B57A0093A87C /* Models */,
				3323AC632992924900FE623C /* Core */,
				3323AC4F29915E6D00FE623C /* ContentView.swift */,
				3323AC5B29915F5300FE623C /* Assets.xcassets */,
				3323AC5329915E6F00FE623C /* Preview Content */,
			);
			path = CryptoTracker;
			sourceTree = "<group>";
		};
		3323AC5329915E6F00FE623C /* Preview Content */ = {
			isa = PBXGroup;
			children = (
				3323AC5429915E6F00FE623C /* Preview Assets.xcassets */,
			);
			path = "Preview Content";
			sourceTree = "<group>";
		};
		3323AC5D2991616F00FE623C /* Extensions */ = {
			isa = PBXGroup;
			children = (
				3323AC5E2991619B00FE623C /* Color.swift */,
				33C340202993C6970093A87C /* PreviewProvider.swift */,
				33C340222993D0670093A87C /* Double.swift */,
				33D77B14299BE5560079931F /* UIApplication.swift */,
			);
			path = Extensions;
			sourceTree = "<group>";
		};
		3323AC632992924900FE623C /* Core */ = {
			isa = PBXGroup;
			children = (
				3323AC692992936C00FE623C /* Components */,
				3323AC642992927500FE623C /* Home */,
			);
			path = Core;
			sourceTree = "<group>";
		};
		3323AC642992927500FE623C /* Home */ = {
			isa = PBXGroup;
			children = (
				3323AC662992928800FE623C /* ViewModels */,
				3323AC652992928100FE623C /* Views */,
			);
			path = Home;
			sourceTree = "<group>";
		};
		3323AC652992928100FE623C /* Views */ = {
			isa = PBXGroup;
			children = (
				3323AC672992929E00FE623C /* HomeView.swift */,
				33C3401E2993C63A0093A87C /* CoinRowView.swift */,
				33D77B1A299D65210079931F /* HomeStatsView.swift */,
				33D77B20299E8B080079931F /* PortfolioView.swift */,
			);
			path = Views;
			sourceTree = "<group>";
		};
		3323AC662992928800FE623C /* ViewModels */ = {
			isa = PBXGroup;
			children = (
				33C34024299434DB0093A87C /* HomeViewModel.swift */,
			);
			path = ViewModels;
			sourceTree = "<group>";
		};
		3323AC692992936C00FE623C /* Components */ = {
			isa = PBXGroup;
			children = (
				33C3402C2995298C0093A87C /* CoinImage */,
				3323AC6A2992938800FE623C /* CircleButton */,
				33D77B12299BDFED0079931F /* SearchBarView.swift */,
				33D77B18299D61E70079931F /* StatisticView.swift */,
				33D77B22299E8CD90079931F /* XMarkButton.swift */,
			);
			path = Components;
			sourceTree = "<group>";
		};
		3323AC6A2992938800FE623C /* CircleButton */ = {
			isa = PBXGroup;
			children = (
				3323AC6B299293A000FE623C /* CircleButtonView.swift */,
				3323AC6D2992982D00FE623C /* CircleButtonAnimationView.swift */,
			);
			path = CircleButton;
			sourceTree = "<group>";
		};
		33C3401B2992B57A0093A87C /* Models */ = {
			isa = PBXGroup;
			children = (
				33C3401C2992B5B20093A87C /* CoinModel.swift */,
				33D77B16299D3B940079931F /* StatisticModel.swift */,
				33D77B1C299D6A890079931F /* MarketDataModel.swift */,
				33C93C5A299FB85000794896 /* PortfolioContainer.xcdatamodeld */,
			);
			path = Models;
			sourceTree = "<group>";
		};
		33C3402629943CA60093A87C /* Services */ = {
			isa = PBXGroup;
			children = (
				33C3402729943CD10093A87C /* CoinDataService.swift */,
				33C3402F29952B1D0093A87C /* CoinImageService.swift */,
				33D77B1E299D6D8C0079931F /* MarketDataService.swift */,
				33C93C5D299FB90700794896 /* PortfolioDataService.swift */,
			);
			path = Services;
			sourceTree = "<group>";
		};
		33C340292994484C0093A87C /* Utilities */ = {
			isa = PBXGroup;
			children = (
				33C3402A299448790093A87C /* NetworkingManager.swift */,
				33D77B10299B9DD40079931F /* LocalFileManager.swift */,
			);
			path = Utilities;
			sourceTree = "<group>";
		};
		33C3402C2995298C0093A87C /* CoinImage */ = {
			isa = PBXGroup;
			children = (
				33C3402D299529A40093A87C /* CoinImageView.swift */,
				33C340312995330F0093A87C /* CoinImageViewModel.swift */,
				33C93C58299F7BD000794896 /* CoinLogoView.swift */,
			);
			path = CoinImage;
			sourceTree = "<group>";
		};
/* End PBXGroup section */

/* Begin PBXNativeTarget section */
		3323AC4929915E6D00FE623C /* CryptoTracker */ = {
			isa = PBXNativeTarget;
			buildConfigurationList = 3323AC5829915E6F00FE623C /* Build configuration list for PBXNativeTarget "CryptoTracker" */;
			buildPhases = (
				3323AC4629915E6D00FE623C /* Sources */,
				3323AC4729915E6D00FE623C /* Frameworks */,
				3323AC4829915E6D00FE623C /* Resources */,
			);
			buildRules = (
			);
			dependencies = (
			);
			name = CryptoTracker;
			productName = CryptoTracker;
			productReference = 3323AC4A29915E6D00FE623C /* CryptoTracker.app */;
			productType = "com.apple.product-type.application";
		};
/* End PBXNativeTarget section */

/* Begin PBXProject section */
		3323AC4229915E6D00FE623C /* Project object */ = {
			isa = PBXProject;
			attributes = {
				BuildIndependentTargetsInParallel = 1;
				LastSwiftUpdateCheck = 1420;
				LastUpgradeCheck = 1420;
				TargetAttributes = {
					3323AC4929915E6D00FE623C = {
						CreatedOnToolsVersion = 14.2;
					};
				};
			};
			buildConfigurationList = 3323AC4529915E6D00FE623C /* Build configuration list for PBXProject "CryptoTracker" */;
			compatibilityVersion = "Xcode 14.0";
			developmentRegion = en;
			hasScannedForEncodings = 0;
			knownRegions = (
				en,
				Base,
			);
			mainGroup = 3323AC4129915E6D00FE623C;
			productRefGroup = 3323AC4B29915E6D00FE623C /* Products */;
			projectDirPath = "";
			projectRoot = "";
			targets = (
				3323AC4929915E6D00FE623C /* CryptoTracker */,
			);
		};
/* End PBXProject section */

/* Begin PBXResourcesBuildPhase section */
		3323AC4829915E6D00FE623C /* Resources */ = {
			isa = PBXResourcesBuildPhase;
			buildActionMask = 2147483647;
			files = (
				3323AC5529915E6F00FE623C /* Preview Assets.xcassets in Resources */,
				3323AC5C29915F5300FE623C /* Assets.xcassets in Resources */,
			);
			runOnlyForDeploymentPostprocessing = 0;
		};
/* End PBXResourcesBuildPhase section */

/* Begin PBXSourcesBuildPhase section */
		3323AC4629915E6D00FE623C /* Sources */ = {
			isa = PBXSourcesBuildPhase;
			buildActionMask = 2147483647;
			files = (
				33C93C5C299FB85000794896 /* PortfolioContainer.xcdatamodeld in Sources */,
				33D77B17299D3B940079931F /* StatisticModel.swift in Sources */,
				33C93C59299F7BD000794896 /* CoinLogoView.swift in Sources */,
				33C3402829943CD10093A87C /* CoinDataService.swift in Sources */,
				33C3401F2993C63A0093A87C /* CoinRowView.swift in Sources */,
				33D77B23299E8CD90079931F /* XMarkButton.swift in Sources */,
				33C34025299434DB0093A87C /* HomeViewModel.swift in Sources */,
				3323AC5029915E6D00FE623C /* ContentView.swift in Sources */,
				33D77B11299B9DD40079931F /* LocalFileManager.swift in Sources */,
				33D77B1D299D6A890079931F /* MarketDataModel.swift in Sources */,
				3323AC682992929E00FE623C /* HomeView.swift in Sources */,
				33D77B19299D61E70079931F /* StatisticView.swift in Sources */,
				33C3402E299529A40093A87C /* CoinImageView.swift in Sources */,
				3323AC4E29915E6D00FE623C /* CryptoTrackerApp.swift in Sources */,
				33D77B15299BE5560079931F /* UIApplication.swift in Sources */,
				3323AC6C299293A000FE623C /* CircleButtonView.swift in Sources */,
				3323AC5F2991619B00FE623C /* Color.swift in Sources */,
				33D77B13299BDFED0079931F /* SearchBarView.swift in Sources */,
				33C3402B299448790093A87C /* NetworkingManager.swift in Sources */,
				33D77B1B299D65210079931F /* HomeStatsView.swift in Sources */,
				33D77B1F299D6D8C0079931F /* MarketDataService.swift in Sources */,
				3323AC6E2992982D00FE623C /* CircleButtonAnimationView.swift in Sources */,
				33C340322995330F0093A87C /* CoinImageViewModel.swift in Sources */,
				33C340212993C6970093A87C /* PreviewProvider.swift in Sources */,
				33D77B21299E8B080079931F /* PortfolioView.swift in Sources */,
				33C340232993D0670093A87C /* Double.swift in Sources */,
				33C3403029952B1D0093A87C /* CoinImageService.swift in Sources */,
				33C3401D2992B5B20093A87C /* CoinModel.swift in Sources */,
				33C93C5E299FB90700794896 /* PortfolioDataService.swift in Sources */,
			);
			runOnlyForDeploymentPostprocessing = 0;
		};
/* End PBXSourcesBuildPhase section */

/* Begin XCBuildConfiguration section */
		3323AC5629915E6F00FE623C /* Debug */ = {
			isa = XCBuildConfiguration;
			buildSettings = {
				ALWAYS_SEARCH_USER_PATHS = NO;
				CLANG_ANALYZER_NONNULL = YES;
				CLANG_ANALYZER_NUMBER_OBJECT_CONVERSION = YES_AGGRESSIVE;
				CLANG_CXX_LANGUAGE_STANDARD = "gnu++20";
				CLANG_ENABLE_MODULES = YES;
				CLANG_ENABLE_OBJC_ARC = YES;
				CLANG_ENABLE_OBJC_WEAK = YES;
				CLANG_WARN_BLOCK_CAPTURE_AUTORELEASING = YES;
				CLANG_WARN_BOOL_CONVERSION = YES;
				CLANG_WARN_COMMA = YES;
				CLANG_WARN_CONSTANT_CONVERSION = YES;
				CLANG_WARN_DEPRECATED_OBJC_IMPLEMENTATIONS = YES;
				CLANG_WARN_DIRECT_OBJC_ISA_USAGE = YES_ERROR;
				CLANG_WARN_DOCUMENTATION_COMMENTS = YES;
				CLANG_WARN_EMPTY_BODY = YES;
				CLANG_WARN_ENUM_CONVERSION = YES;
				CLANG_WARN_INFINITE_RECURSION = YES;
				CLANG_WARN_INT_CONVERSION = YES;
				CLANG_WARN_NON_LITERAL_NULL_CONVERSION = YES;
				CLANG_WARN_OBJC_IMPLICIT_RETAIN_SELF = YES;
				CLANG_WARN_OBJC_LITERAL_CONVERSION = YES;
				CLANG_WARN_OBJC_ROOT_CLASS = YES_ERROR;
				CLANG_WARN_QUOTED_INCLUDE_IN_FRAMEWORK_HEADER = YES;
				CLANG_WARN_RANGE_LOOP_ANALYSIS = YES;
				CLANG_WARN_STRICT_PROTOTYPES = YES;
				CLANG_WARN_SUSPICIOUS_MOVE = YES;
				CLANG_WARN_UNGUARDED_AVAILABILITY = YES_AGGRESSIVE;
				CLANG_WARN_UNREACHABLE_CODE = YES;
				CLANG_WARN__DUPLICATE_METHOD_MATCH = YES;
				COPY_PHASE_STRIP = NO;
				DEBUG_INFORMATION_FORMAT = dwarf;
				ENABLE_STRICT_OBJC_MSGSEND = YES;
				ENABLE_TESTABILITY = YES;
				GCC_C_LANGUAGE_STANDARD = gnu11;
				GCC_DYNAMIC_NO_PIC = NO;
				GCC_NO_COMMON_BLOCKS = YES;
				GCC_OPTIMIZATION_LEVEL = 0;
				GCC_PREPROCESSOR_DEFINITIONS = (
					"DEBUG=1",
					"$(inherited)",
				);
				GCC_WARN_64_TO_32_BIT_CONVERSION = YES;
				GCC_WARN_ABOUT_RETURN_TYPE = YES_ERROR;
				GCC_WARN_UNDECLARED_SELECTOR = YES;
				GCC_WARN_UNINITIALIZED_AUTOS = YES_AGGRESSIVE;
				GCC_WARN_UNUSED_FUNCTION = YES;
				GCC_WARN_UNUSED_VARIABLE = YES;
				IPHONEOS_DEPLOYMENT_TARGET = 16.2;
				MTL_ENABLE_DEBUG_INFO = INCLUDE_SOURCE;
				MTL_FAST_MATH = YES;
				ONLY_ACTIVE_ARCH = YES;
				SDKROOT = iphoneos;
				SWIFT_ACTIVE_COMPILATION_CONDITIONS = DEBUG;
				SWIFT_OPTIMIZATION_LEVEL = "-Onone";
			};
			name = Debug;
		};
		3323AC5729915E6F00FE623C /* Release */ = {
			isa = XCBuildConfiguration;
			buildSettings = {
				ALWAYS_SEARCH_USER_PATHS = NO;
				CLANG_ANALYZER_NONNULL = YES;
				CLANG_ANALYZER_NUMBER_OBJECT_CONVERSION = YES_AGGRESSIVE;
				CLANG_CXX_LANGUAGE_STANDARD = "gnu++20";
				CLANG_ENABLE_MODULES = YES;
				CLANG_ENABLE_OBJC_ARC = YES;
				CLANG_ENABLE_OBJC_WEAK = YES;
				CLANG_WARN_BLOCK_CAPTURE_AUTORELEASING = YES;
				CLANG_WARN_BOOL_CONVERSION = YES;
				CLANG_WARN_COMMA = YES;
				CLANG_WARN_CONSTANT_CONVERSION = YES;
				CLANG_WARN_DEPRECATED_OBJC_IMPLEMENTATIONS = YES;
				CLANG_WARN_DIRECT_OBJC_ISA_USAGE = YES_ERROR;
				CLANG_WARN_DOCUMENTATION_COMMENTS = YES;
				CLANG_WARN_EMPTY_BODY = YES;
				CLANG_WARN_ENUM_CONVERSION = YES;
				CLANG_WARN_INFINITE_RECURSION = YES;
				CLANG_WARN_INT_CONVERSION = YES;
				CLANG_WARN_NON_LITERAL_NULL_CONVERSION = YES;
				CLANG_WARN_OBJC_IMPLICIT_RETAIN_SELF = YES;
				CLANG_WARN_OBJC_LITERAL_CONVERSION = YES;
				CLANG_WARN_OBJC_ROOT_CLASS = YES_ERROR;
				CLANG_WARN_QUOTED_INCLUDE_IN_FRAMEWORK_HEADER = YES;
				CLANG_WARN_RANGE_LOOP_ANALYSIS = YES;
				CLANG_WARN_STRICT_PROTOTYPES = YES;
				CLANG_WARN_SUSPICIOUS_MOVE = YES;
				CLANG_WARN_UNGUARDED_AVAILABILITY = YES_AGGRESSIVE;
				CLANG_WARN_UNREACHABLE_CODE = YES;
				CLANG_WARN__DUPLICATE_METHOD_MATCH = YES;
				COPY_PHASE_STRIP = NO;
				DEBUG_INFORMATION_FORMAT = "dwarf-with-dsym";
				ENABLE_NS_ASSERTIONS = NO;
				ENABLE_STRICT_OBJC_MSGSEND = YES;
				GCC_C_LANGUAGE_STANDARD = gnu11;
				GCC_NO_COMMON_BLOCKS = YES;
				GCC_WARN_64_TO_32_BIT_CONVERSION = YES;
				GCC_WARN_ABOUT_RETURN_TYPE = YES_ERROR;
				GCC_WARN_UNDECLARED_SELECTOR = YES;
				GCC_WARN_UNINITIALIZED_AUTOS = YES_AGGRESSIVE;
				GCC_WARN_UNUSED_FUNCTION = YES;
				GCC_WARN_UNUSED_VARIABLE = YES;
				IPHONEOS_DEPLOYMENT_TARGET = 16.2;
				MTL_ENABLE_DEBUG_INFO = NO;
				MTL_FAST_MATH = YES;
				SDKROOT = iphoneos;
				SWIFT_COMPILATION_MODE = wholemodule;
				SWIFT_OPTIMIZATION_LEVEL = "-O";
				VALIDATE_PRODUCT = YES;
			};
			name = Release;
		};
		3323AC5929915E6F00FE623C /* Debug */ = {
			isa = XCBuildConfiguration;
			buildSettings = {
				ASSETCATALOG_COMPILER_APPICON_NAME = AppIcon;
				ASSETCATALOG_COMPILER_GLOBAL_ACCENT_COLOR_NAME = AccentColor;
				CODE_SIGN_STYLE = Automatic;
				CURRENT_PROJECT_VERSION = 1;
				DEVELOPMENT_ASSET_PATHS = "\"CryptoTracker/Preview Content\"";
				DEVELOPMENT_TEAM = DM38AVA7BR;
				ENABLE_PREVIEWS = YES;
				GENERATE_INFOPLIST_FILE = YES;
				INFOPLIST_KEY_CFBundleDisplayName = "Crypto Tracker";
				INFOPLIST_KEY_UIApplicationSceneManifest_Generation = YES;
				INFOPLIST_KEY_UIApplicationSupportsIndirectInputEvents = YES;
				INFOPLIST_KEY_UILaunchScreen_Generation = YES;
				INFOPLIST_KEY_UISupportedInterfaceOrientations = UIInterfaceOrientationPortrait;
				INFOPLIST_KEY_UISupportedInterfaceOrientations_iPad = "UIInterfaceOrientationPortrait UIInterfaceOrientationPortraitUpsideDown";
				LD_RUNPATH_SEARCH_PATHS = (
					"$(inherited)",
					"@executable_path/Frameworks",
				);
				MARKETING_VERSION = 1.0;
				PRODUCT_BUNDLE_IDENTIFIER = "com.olak-a.CryptoTracker";
				PRODUCT_NAME = "$(TARGET_NAME)";
				SUPPORTED_PLATFORMS = "iphoneos iphonesimulator";
				SUPPORTS_MACCATALYST = NO;
				SUPPORTS_MAC_DESIGNED_FOR_IPHONE_IPAD = NO;
				SWIFT_EMIT_LOC_STRINGS = YES;
				SWIFT_VERSION = 5.0;
				TARGETED_DEVICE_FAMILY = "1,2";
			};
			name = Debug;
		};
		3323AC5A29915E6F00FE623C /* Release */ = {
			isa = XCBuildConfiguration;
			buildSettings = {
				ASSETCATALOG_COMPILER_APPICON_NAME = AppIcon;
				ASSETCATALOG_COMPILER_GLOBAL_ACCENT_COLOR_NAME = AccentColor;
				CODE_SIGN_STYLE = Automatic;
				CURRENT_PROJECT_VERSION = 1;
				DEVELOPMENT_ASSET_PATHS = "\"CryptoTracker/Preview Content\"";
				DEVELOPMENT_TEAM = DM38AVA7BR;
				ENABLE_PREVIEWS = YES;
				GENERATE_INFOPLIST_FILE = YES;
				INFOPLIST_KEY_CFBundleDisplayName = "Crypto Tracker";
				INFOPLIST_KEY_UIApplicationSceneManifest_Generation = YES;
				INFOPLIST_KEY_UIApplicationSupportsIndirectInputEvents = YES;
				INFOPLIST_KEY_UILaunchScreen_Generation = YES;
				INFOPLIST_KEY_UISupportedInterfaceOrientations = UIInterfaceOrientationPortrait;
				INFOPLIST_KEY_UISupportedInterfaceOrientations_iPad = "UIInterfaceOrientationPortrait UIInterfaceOrientationPortraitUpsideDown";
				LD_RUNPATH_SEARCH_PATHS = (
					"$(inherited)",
					"@executable_path/Frameworks",
				);
				MARKETING_VERSION = 1.0;
				PRODUCT_BUNDLE_IDENTIFIER = "com.olak-a.CryptoTracker";
				PRODUCT_NAME = "$(TARGET_NAME)";
				SUPPORTED_PLATFORMS = "iphoneos iphonesimulator";
				SUPPORTS_MACCATALYST = NO;
				SUPPORTS_MAC_DESIGNED_FOR_IPHONE_IPAD = NO;
				SWIFT_EMIT_LOC_STRINGS = YES;
				SWIFT_VERSION = 5.0;
				TARGETED_DEVICE_FAMILY = "1,2";
			};
			name = Release;
		};
/* End XCBuildConfiguration section */

/* Begin XCConfigurationList section */
		3323AC4529915E6D00FE623C /* Build configuration list for PBXProject "CryptoTracker" */ = {
			isa = XCConfigurationList;
			buildConfigurations = (
				3323AC5629915E6F00FE623C /* Debug */,
				3323AC5729915E6F00FE623C /* Release */,
			);
			defaultConfigurationIsVisible = 0;
			defaultConfigurationName = Release;
		};
		3323AC5829915E6F00FE623C /* Build configuration list for PBXNativeTarget "CryptoTracker" */ = {
			isa = XCConfigurationList;
			buildConfigurations = (
				3323AC5929915E6F00FE623C /* Debug */,
				3323AC5A29915E6F00FE623C /* Release */,
			);
			defaultConfigurationIsVisible = 0;
			defaultConfigurationName = Release;
		};
/* End XCConfigurationList section */

/* Begin XCVersionGroup section */
		33C93C5A299FB85000794896 /* PortfolioContainer.xcdatamodeld */ = {
			isa = XCVersionGroup;
			children = (
				33C93C5B299FB85000794896 /* PortfolioContainer.xcdatamodel */,
			);
			currentVersion = 33C93C5B299FB85000794896 /* PortfolioContainer.xcdatamodel */;
			path = PortfolioContainer.xcdatamodeld;
			sourceTree = "<group>";
			versionGroupType = wrapper.xcdatamodel;
		};
/* End XCVersionGroup section */
	};
	rootObject = 3323AC4229915E6D00FE623C /* Project object */;
}
